
Microsoft Visual Studio Solution File, Format Version 12.00
Project("{FAE04EC0-301F-11D3-BF4B-00C04F79EFBC}") = "Sellercore.Finance.WebApi", "Sellercore.Finance.WebApi\Sellercore.Finance.WebApi.csproj", "{F02498AB-0F95-4BC3-A699-13A721154C55}"
EndProject
Project("{2150E333-8FDC-42A3-9474-1A3956D46DE8}") = "Solution Items", "Solution Items", "{5765D8FF-3898-43C0-B586-36658C184383}"
	ProjectSection(SolutionItems) = preProject
		docker-compose.yml = docker-compose.yml
	EndProjectSection
EndProject
Project("{2150E333-8FDC-42A3-9474-1A3956D46DE8}") = "Presentation", "Presentation", "{2487812F-747B-41BD-88C6-F4C177D8108E}"
EndProject
Project("{2150E333-8FDC-42A3-9474-1A3956D46DE8}") = "Infrastructure", "Infrastructure", "{2E0173DC-5332-41C8-BF0B-A732D0110E67}"
EndProject
Project("{2150E333-8FDC-42A3-9474-1A3956D46DE8}") = "Application", "Application", "{68315FB5-316E-44B9-BBC6-47B349A652C6}"
EndProject
Project("{2150E333-8FDC-42A3-9474-1A3956D46DE8}") = "Domain", "Domain", "{514DACC1-4DD4-436B-9FDA-741D47C4ED2D}"
EndProject
Project("{2150E333-8FDC-42A3-9474-1A3956D46DE8}") = "Shared", "Shared", "{41CFF275-78AA-45D5-8EE7-5139397F1C8A}"
EndProject
Project("{2150E333-8FDC-42A3-9474-1A3956D46DE8}") = "Shared", "Shared", "{E22132A1-2D20-4408-B70B-A0C7241F0848}"
EndProject
Project("{2150E333-8FDC-42A3-9474-1A3956D46DE8}") = "Shared", "Shared", "{EDAAAFD2-E6DD-4F23-83B5-2B695D61CC6F}"
EndProject
Project("{FAE04EC0-301F-11D3-BF4B-00C04F79EFBC}") = "Sellercore.Finance.Infrastructure", "Sellercore.Finance.Infrastructure\Sellercore.Finance.Infrastructure.csproj", "{812850E2-7955-4113-9D1A-80DAED06E11C}"
EndProject
Project("{FAE04EC0-301F-11D3-BF4B-00C04F79EFBC}") = "Sellercore.Finance.Domain", "Sellercore.Finance.Domain\Sellercore.Finance.Domain.csproj", "{A9D2813F-7D27-479D-B5DB-B40D391F76AD}"
EndProject
Project("{FAE04EC0-301F-11D3-BF4B-00C04F79EFBC}") = "Sellercore.Finance.Application", "Sellercore.Finance.Application\Sellercore.Finance.Application.csproj", "{6540B732-CD3D-444B-8FE3-6C548ED3B163}"
EndProject
Project("{FAE04EC0-301F-11D3-BF4B-00C04F79EFBC}") = "Sellercore.Finance.Ozon.Application", "Sellercore.Finance.Ozon.Application\Sellercore.Finance.Ozon.Application.csproj", "{1CE7870A-683A-4BAD-873C-0A273BEB95C9}"
EndProject
Project("{FAE04EC0-301F-11D3-BF4B-00C04F79EFBC}") = "Sellercore.Finance.Ozon.Domain", "Sellercore.Finance.Ozon.Domain\Sellercore.Finance.Ozon.Domain.csproj", "{4DDA243B-93DB-48F3-9200-A8A7A45B81A1}"
EndProject
Project("{FAE04EC0-301F-11D3-BF4B-00C04F79EFBC}") = "Shared.Domain", "..\Shared\Shared.Domain\Shared.Domain.csproj", "{708189F7-801B-477C-8DAF-2071EB029B9F}"
EndProject
Project("{FAE04EC0-301F-11D3-BF4B-00C04F79EFBC}") = "Shared.Application", "..\Shared\Shared.Application\Shared.Application.csproj", "{D0DCB62B-0DAC-4D8A-8B76-AE7B70426026}"
EndProject
Project("{FAE04EC0-301F-11D3-BF4B-00C04F79EFBC}") = "Shared.Infrastructure", "..\Shared\Shared.Infrastructure\Shared.Infrastructure.csproj", "{98638B61-112E-43C9-B3FA-11D3B45D2FFB}"
EndProject
Project("{2150E333-8FDC-42A3-9474-1A3956D46DE8}") = "External", "External", "{61BE01AE-3540-4CDB-8AD4-0671760A958D}"
EndProject
Project("{FAE04EC0-301F-11D3-BF4B-00C04F79EFBC}") = "Ozon.NET", "..\Ozon.NET\Ozon.NET.csproj", "{E36B80AC-5AB9-4449-9668-897624C492B7}"
EndProject
Project("{FAE04EC0-301F-11D3-BF4B-00C04F79EFBC}") = "Sellercore.Shared.Domain", "..\Sellercore.Shared\Sellercore.Shared.Domain\Sellercore.Shared.Domain.csproj", "{21B41A59-B21C-434B-8966-9A6C154F0998}"
EndProject
Project("{FAE04EC0-301F-11D3-BF4B-00C04F79EFBC}") = "Sellercore.Ozon.Shared.Domain", "..\Sellercore.Shared\Sellercore.Ozon.Shared.Domain\Sellercore.Ozon.Shared.Domain.csproj", "{4128476C-148F-405A-9C97-BFC694172537}"
EndProject
Project("{FAE04EC0-301F-11D3-BF4B-00C04F79EFBC}") = "Sellercore.Shared.Application", "..\Sellercore.Shared\Sellercore.Shared.Application\Sellercore.Shared.Application.csproj", "{5442BBB6-B088-4017-B7B9-CA86AA1E50F8}"
EndProject
Project("{FAE04EC0-301F-11D3-BF4B-00C04F79EFBC}") = "Sellercore.Ozon.Shared.Application", "..\Sellercore.Shared\Sellercore.Ozon.Shared.Application\Sellercore.Ozon.Shared.Application.csproj", "{0D515397-9045-4EDA-A151-2AF0C7946EFE}"
EndProject
Project("{FAE04EC0-301F-11D3-BF4B-00C04F79EFBC}") = "Sellercore.Shared.Infrastructure", "..\Sellercore.Shared\Sellercore.Shared.Infrastructure\Sellercore.Shared.Infrastructure.csproj", "{04094F49-0337-4B10-88A7-E0AB1D8D1BBB}"
EndProject
Project("{FAE04EC0-301F-11D3-BF4B-00C04F79EFBC}") = "UserApiAi.NET", "..\Shared\UserApiAi.NET\UserApiAi.NET.csproj", "{3527AA14-1C50-493D-ABE2-A9D539833359}"
EndProject
Global
	GlobalSection(SolutionConfigurationPlatforms) = preSolution
		Debug|Any CPU = Debug|Any CPU
		Release|Any CPU = Release|Any CPU
	EndGlobalSection
	GlobalSection(ProjectConfigurationPlatforms) = postSolution
		{F02498AB-0F95-4BC3-A699-13A721154C55}.Debug|Any CPU.ActiveCfg = Debug|Any CPU
		{F02498AB-0F95-4BC3-A699-13A721154C55}.Debug|Any CPU.Build.0 = Debug|Any CPU
		{F02498AB-0F95-4BC3-A699-13A721154C55}.Release|Any CPU.ActiveCfg = Release|Any CPU
		{F02498AB-0F95-4BC3-A699-13A721154C55}.Release|Any CPU.Build.0 = Release|Any CPU
		{812850E2-7955-4113-9D1A-80DAED06E11C}.Debug|Any CPU.ActiveCfg = Debug|Any CPU
		{812850E2-7955-4113-9D1A-80DAED06E11C}.Debug|Any CPU.Build.0 = Debug|Any CPU
		{812850E2-7955-4113-9D1A-80DAED06E11C}.Release|Any CPU.ActiveCfg = Release|Any CPU
		{812850E2-7955-4113-9D1A-80DAED06E11C}.Release|Any CPU.Build.0 = Release|Any CPU
		{A9D2813F-7D27-479D-B5DB-B40D391F76AD}.Debug|Any CPU.ActiveCfg = Debug|Any CPU
		{A9D2813F-7D27-479D-B5DB-B40D391F76AD}.Debug|Any CPU.Build.0 = Debug|Any CPU
		{A9D2813F-7D27-479D-B5DB-B40D391F76AD}.Release|Any CPU.ActiveCfg = Release|Any CPU
		{A9D2813F-7D27-479D-B5DB-B40D391F76AD}.Release|Any CPU.Build.0 = Release|Any CPU
		{6540B732-CD3D-444B-8FE3-6C548ED3B163}.Debug|Any CPU.ActiveCfg = Debug|Any CPU
		{6540B732-CD3D-444B-8FE3-6C548ED3B163}.Debug|Any CPU.Build.0 = Debug|Any CPU
		{6540B732-CD3D-444B-8FE3-6C548ED3B163}.Release|Any CPU.ActiveCfg = Release|Any CPU
		{6540B732-CD3D-444B-8FE3-6C548ED3B163}.Release|Any CPU.Build.0 = Release|Any CPU
		{1CE7870A-683A-4BAD-873C-0A273BEB95C9}.Debug|Any CPU.ActiveCfg = Debug|Any CPU
		{1CE7870A-683A-4BAD-873C-0A273BEB95C9}.Debug|Any CPU.Build.0 = Debug|Any CPU
		{1CE7870A-683A-4BAD-873C-0A273BEB95C9}.Release|Any CPU.ActiveCfg = Release|Any CPU
		{1CE7870A-683A-4BAD-873C-0A273BEB95C9}.Release|Any CPU.Build.0 = Release|Any CPU
		{4DDA243B-93DB-48F3-9200-A8A7A45B81A1}.Debug|Any CPU.ActiveCfg = Debug|Any CPU
		{4DDA243B-93DB-48F3-9200-A8A7A45B81A1}.Debug|Any CPU.Build.0 = Debug|Any CPU
		{4DDA243B-93DB-48F3-9200-A8A7A45B81A1}.Release|Any CPU.ActiveCfg = Release|Any CPU
		{4DDA243B-93DB-48F3-9200-A8A7A45B81A1}.Release|Any CPU.Build.0 = Release|Any CPU
		{708189F7-801B-477C-8DAF-2071EB029B9F}.Debug|Any CPU.ActiveCfg = Debug|Any CPU
		{708189F7-801B-477C-8DAF-2071EB029B9F}.Debug|Any CPU.Build.0 = Debug|Any CPU
		{708189F7-801B-477C-8DAF-2071EB029B9F}.Release|Any CPU.ActiveCfg = Release|Any CPU
		{708189F7-801B-477C-8DAF-2071EB029B9F}.Release|Any CPU.Build.0 = Release|Any CPU
		{D0DCB62B-0DAC-4D8A-8B76-AE7B70426026}.Debug|Any CPU.ActiveCfg = Debug|Any CPU
		{D0DCB62B-0DAC-4D8A-8B76-AE7B70426026}.Debug|Any CPU.Build.0 = Debug|Any CPU
		{D0DCB62B-0DAC-4D8A-8B76-AE7B70426026}.Release|Any CPU.ActiveCfg = Release|Any CPU
		{D0DCB62B-0DAC-4D8A-8B76-AE7B70426026}.Release|Any CPU.Build.0 = Release|Any CPU
		{98638B61-112E-43C9-B3FA-11D3B45D2FFB}.Debug|Any CPU.ActiveCfg = Debug|Any CPU
		{98638B61-112E-43C9-B3FA-11D3B45D2FFB}.Debug|Any CPU.Build.0 = Debug|Any CPU
		{98638B61-112E-43C9-B3FA-11D3B45D2FFB}.Release|Any CPU.ActiveCfg = Release|Any CPU
		{98638B61-112E-43C9-B3FA-11D3B45D2FFB}.Release|Any CPU.Build.0 = Release|Any CPU
		{E36B80AC-5AB9-4449-9668-897624C492B7}.Debug|Any CPU.ActiveCfg = Debug|Any CPU
		{E36B80AC-5AB9-4449-9668-897624C492B7}.Debug|Any CPU.Build.0 = Debug|Any CPU
		{E36B80AC-5AB9-4449-9668-897624C492B7}.Release|Any CPU.ActiveCfg = Release|Any CPU
		{E36B80AC-5AB9-4449-9668-897624C492B7}.Release|Any CPU.Build.0 = Release|Any CPU
		{21B41A59-B21C-434B-8966-9A6C154F0998}.Debug|Any CPU.ActiveCfg = Debug|Any CPU
		{21B41A59-B21C-434B-8966-9A6C154F0998}.Debug|Any CPU.Build.0 = Debug|Any CPU
		{21B41A59-B21C-434B-8966-9A6C154F0998}.Release|Any CPU.ActiveCfg = Release|Any CPU
		{21B41A59-B21C-434B-8966-9A6C154F0998}.Release|Any CPU.Build.0 = Release|Any CPU
		{4128476C-148F-405A-9C97-BFC694172537}.Debug|Any CPU.ActiveCfg = Debug|Any CPU
		{4128476C-148F-405A-9C97-BFC694172537}.Debug|Any CPU.Build.0 = Debug|Any CPU
		{4128476C-148F-405A-9C97-BFC694172537}.Release|Any CPU.ActiveCfg = Release|Any CPU
		{4128476C-148F-405A-9C97-BFC694172537}.Release|Any CPU.Build.0 = Release|Any CPU
		{5442BBB6-B088-4017-B7B9-CA86AA1E50F8}.Debug|Any CPU.ActiveCfg = Debug|Any CPU
		{5442BBB6-B088-4017-B7B9-CA86AA1E50F8}.Debug|Any CPU.Build.0 = Debug|Any CPU
		{5442BBB6-B088-4017-B7B9-CA86AA1E50F8}.Release|Any CPU.ActiveCfg = Release|Any CPU
		{5442BBB6-B088-4017-B7B9-CA86AA1E50F8}.Release|Any CPU.Build.0 = Release|Any CPU
		{0D515397-9045-4EDA-A151-2AF0C7946EFE}.Debug|Any CPU.ActiveCfg = Debug|Any CPU
		{0D515397-9045-4EDA-A151-2AF0C7946EFE}.Debug|Any CPU.Build.0 = Debug|Any CPU
		{0D515397-9045-4EDA-A151-2AF0C7946EFE}.Release|Any CPU.ActiveCfg = Release|Any CPU
		{0D515397-9045-4EDA-A151-2AF0C7946EFE}.Release|Any CPU.Build.0 = Release|Any CPU
		{04094F49-0337-4B10-88A7-E0AB1D8D1BBB}.Debug|Any CPU.ActiveCfg = Debug|Any CPU
		{04094F49-0337-4B10-88A7-E0AB1D8D1BBB}.Debug|Any CPU.Build.0 = Debug|Any CPU
		{04094F49-0337-4B10-88A7-E0AB1D8D1BBB}.Release|Any CPU.ActiveCfg = Release|Any CPU
		{04094F49-0337-4B10-88A7-E0AB1D8D1BBB}.Release|Any CPU.Build.0 = Release|Any CPU
		{3527AA14-1C50-493D-ABE2-A9D539833359}.Debug|Any CPU.ActiveCfg = Debug|Any CPU
		{3527AA14-1C50-493D-ABE2-A9D539833359}.Debug|Any CPU.Build.0 = Debug|Any CPU
		{3527AA14-1C50-493D-ABE2-A9D539833359}.Release|Any CPU.ActiveCfg = Release|Any CPU
		{3527AA14-1C50-493D-ABE2-A9D539833359}.Release|Any CPU.Build.0 = Release|Any CPU
	EndGlobalSection
	GlobalSection(NestedProjects) = preSolution
		{F02498AB-0F95-4BC3-A699-13A721154C55} = {2487812F-747B-41BD-88C6-F4C177D8108E}
		{41CFF275-78AA-45D5-8EE7-5139397F1C8A} = {68315FB5-316E-44B9-BBC6-47B349A652C6}
		{E22132A1-2D20-4408-B70B-A0C7241F0848} = {514DACC1-4DD4-436B-9FDA-741D47C4ED2D}
		{EDAAAFD2-E6DD-4F23-83B5-2B695D61CC6F} = {2E0173DC-5332-41C8-BF0B-A732D0110E67}
		{812850E2-7955-4113-9D1A-80DAED06E11C} = {2E0173DC-5332-41C8-BF0B-A732D0110E67}
		{A9D2813F-7D27-479D-B5DB-B40D391F76AD} = {514DACC1-4DD4-436B-9FDA-741D47C4ED2D}
		{6540B732-CD3D-444B-8FE3-6C548ED3B163} = {68315FB5-316E-44B9-BBC6-47B349A652C6}
		{1CE7870A-683A-4BAD-873C-0A273BEB95C9} = {68315FB5-316E-44B9-BBC6-47B349A652C6}
		{4DDA243B-93DB-48F3-9200-A8A7A45B81A1} = {514DACC1-4DD4-436B-9FDA-741D47C4ED2D}
		{708189F7-801B-477C-8DAF-2071EB029B9F} = {E22132A1-2D20-4408-B70B-A0C7241F0848}
		{D0DCB62B-0DAC-4D8A-8B76-AE7B70426026} = {41CFF275-78AA-45D5-8EE7-5139397F1C8A}
		{98638B61-112E-43C9-B3FA-11D3B45D2FFB} = {EDAAAFD2-E6DD-4F23-83B5-2B695D61CC6F}
		{E36B80AC-5AB9-4449-9668-897624C492B7} = {61BE01AE-3540-4CDB-8AD4-0671760A958D}
		{21B41A59-B21C-434B-8966-9A6C154F0998} = {E22132A1-2D20-4408-B70B-A0C7241F0848}
		{4128476C-148F-405A-9C97-BFC694172537} = {E22132A1-2D20-4408-B70B-A0C7241F0848}
		{5442BBB6-B088-4017-B7B9-CA86AA1E50F8} = {41CFF275-78AA-45D5-8EE7-5139397F1C8A}
		{0D515397-9045-4EDA-A151-2AF0C7946EFE} = {41CFF275-78AA-45D5-8EE7-5139397F1C8A}
		{04094F49-0337-4B10-88A7-E0AB1D8D1BBB} = {EDAAAFD2-E6DD-4F23-83B5-2B695D61CC6F}
		{3527AA14-1C50-493D-ABE2-A9D539833359} = {61BE01AE-3540-4CDB-8AD4-0671760A958D}
	EndGlobalSection
EndGlobal
